
Microsoft Visual Studio Solution File, Format Version 12.00
# Visual Studio Version 16
VisualStudioVersion = 16.0.29230.47
MinimumVisualStudioVersion = 10.0.40219.1
Project("{FAE04EC0-301F-11D3-BF4B-00C04F79EFBC}") = "WebApplication2", "WebApplication2\WebApplication2.csproj", "{B9498F31-B4B1-4582-8579-72CD3FCD817E}"
EndProject
Global
	GlobalSection(SolutionConfigurationPlatforms) = preSolution
		Debug|Any CPU = Debug|Any CPU
		Release|Any CPU = Release|Any CPU
	EndGlobalSection
	GlobalSection(ProjectConfigurationPlatforms) = postSolution
		{B9498F31-B4B1-4582-8579-72CD3FCD817E}.Debug|Any CPU.ActiveCfg = Debug|Any CPU
		{B9498F31-B4B1-4582-8579-72CD3FCD817E}.Debug|Any CPU.Build.0 = Debug|Any CPU
		{B9498F31-B4B1-4582-8579-72CD3FCD817E}.Release|Any CPU.ActiveCfg = Release|Any CPU
		{B9498F31-B4B1-4582-8579-72CD3FCD817E}.Release|Any CPU.Build.0 = Release|Any CPU
	EndGlobalSection
	GlobalSection(SolutionProperties) = preSolution
		HideSolutionNode = FALSE
	EndGlobalSection
	GlobalSection(ExtensibilityGlobals) = postSolution
		SolutionGuid = {845B7676-661B-4C08-9C73-41F5C8B4AE43}
	EndGlobalSection
EndGlobal
